{
  "nodes": {
    "flake-compat": {
      "flake": false,
      "locked": {
        "lastModified": 1673956053,
        "narHash": "sha256-4gtG9iQuiKITOjNQQeQIpoIB6b16fm+504Ch3sNKLd8=",
        "owner": "edolstra",
        "repo": "flake-compat",
        "rev": "35bb57c0c8d8b62bbfd284272c928ceb64ddbde9",
        "type": "github"
      },
      "original": {
        "owner": "edolstra",
        "repo": "flake-compat",
        "type": "github"
      }
    },
    "flake-parts": {
      "inputs": {
        "nixpkgs-lib": [
          "nixpkgs"
        ]
      },
      "locked": {
        "lastModified": 1677714448,
        "narHash": "sha256-Hq8qLs8xFu28aDjytfxjdC96bZ6pds21Yy09mSC156I=",
        "owner": "hercules-ci",
        "repo": "flake-parts",
        "rev": "dc531e3a9ce757041e1afaff8ee932725ca60002",
        "type": "github"
      },
      "original": {
        "owner": "hercules-ci",
        "repo": "flake-parts",
        "type": "github"
      }
    },
    "flake-root": {
      "locked": {
        "lastModified": 1671378805,
        "narHash": "sha256-yqGxyzMN2GuppwG3dTWD1oiKxi+jGYP7D1qUSc5vKhI=",
        "owner": "srid",
        "repo": "flake-root",
        "rev": "dc7ba6166e478804a9da6881aa48c45d300075cf",
        "type": "github"
      },
      "original": {
        "owner": "srid",
        "repo": "flake-root",
        "type": "github"
      }
    },
    "flake-utils": {
      "locked": {
        "lastModified": 1644229661,
        "narHash": "sha256-1YdnJAsNy69bpcjuoKdOYQX0YxZBiCYZo4Twxerqv7k=",
        "owner": "numtide",
        "repo": "flake-utils",
        "rev": "3cecb5b042f7f209c56ffd8371b2711a290ec797",
        "type": "github"
      },
      "original": {
        "owner": "numtide",
        "repo": "flake-utils",
        "type": "github"
      }
    },
    "foundry-nix": {
      "inputs": {
        "flake-utils": "flake-utils",
        "nixpkgs": [
          "nixpkgs"
        ]
      },
      "locked": {
        "lastModified": 1677921223,
        "narHash": "sha256-TsrPW+VfLu19dYm4uuAaM9LLHm30iZiyW1+0mbFgwbk=",
        "owner": "shazow",
        "repo": "foundry.nix",
        "rev": "79df1481c10789570c40749a4c8f8aada16f2eea",
        "type": "github"
      },
      "original": {
        "owner": "shazow",
        "ref": "monthly",
        "repo": "foundry.nix",
        "type": "github"
      }
    },
    "mission-control": {
      "locked": {
        "lastModified": 1675195908,
        "narHash": "sha256-nQv35C7svZFluwy2uoZFxwPqiT16XoKAoMlIQYmvg3A=",
        "owner": "Platonic-Systems",
        "repo": "mission-control",
        "rev": "feb06872ac4dc977f70f6388c87d36fc3c3c3693",
        "type": "github"
      },
      "original": {
        "owner": "Platonic-Systems",
        "repo": "mission-control",
        "type": "github"
      }
    },
    "nixpkgs": {
      "locked": {
        "lastModified": 1669833724,
        "narHash": "sha256-/HEZNyGbnQecrgJnfE8d0WC5c1xuPSD2LUpB6YXlg4c=",
        "owner": "nixos",
        "repo": "nixpkgs",
        "rev": "4d2b37a84fad1091b9de401eb450aae66f1a741e",
        "type": "github"
      },
      "original": {
        "owner": "nixos",
        "ref": "22.11",
        "repo": "nixpkgs",
        "type": "github"
      }
    },
    "nixpkgs-unstable": {
      "locked": {
        "lastModified": 1678237502,
        "narHash": "sha256-J4cAbmC9RK+Jus3U88WaxkTsnNlZSroE2xZ9A0rSxL4=",
        "owner": "nixos",
        "repo": "nixpkgs",
        "rev": "1eeea1f1922fb79a36008ba744310ccbf96130e2",
        "type": "github"
      },
      "original": {
        "owner": "nixos",
        "ref": "nixpkgs-unstable",
        "repo": "nixpkgs",
        "type": "github"
      }
    },
    "nixpkgs_2": {
      "locked": {
        "lastModified": 1675545634,
        "narHash": "sha256-TbQeQcM5TA/wIho6xtzG+inUfiGzUXi8ewwttiQWYJE=",
        "owner": "nixos",
        "repo": "nixpkgs",
        "rev": "0591d6b57bfeb55dfeec99a671843337bc2c3323",
        "type": "github"
      },
      "original": {
        "owner": "nixos",
        "ref": "nixos-unstable",
        "repo": "nixpkgs",
        "type": "github"
      }
    },
    "root": {
      "inputs": {
        "flake-compat": "flake-compat",
        "flake-parts": "flake-parts",
        "flake-root": "flake-root",
        "foundry-nix": "foundry-nix",
        "mission-control": "mission-control",
        "nixpkgs": "nixpkgs",
        "nixpkgs-unstable": "nixpkgs-unstable",
        "treefmt-nix": "treefmt-nix"
      }
    },
    "treefmt-nix": {
      "inputs": {
        "nixpkgs": "nixpkgs_2"
      },
      "locked": {
        "lastModified": 1677433127,
        "narHash": "sha256-vafj2WbhrlnwkU20yRDqtHFTUJIEygPfxJVswB3dJ9U=",
        "owner": "numtide",
        "repo": "treefmt-nix",
        "rev": "f7fcf3770c6cec6fd5f995ba94e6e6376019b9ff",
        "type": "github"
      },
      "original": {
        "owner": "numtide",
        "repo": "treefmt-nix",
        "type": "github"
      }
    }
  },
  "root": "root",
  "version": 7
}
